
Microsoft Visual Studio Solution File, Format Version 12.00
# Visual Studio Version 16
VisualStudioVersion = 16.0.31112.23
MinimumVisualStudioVersion = 10.0.40219.1
Project("{FAE04EC0-301F-11D3-BF4B-00C04F79EFBC}") = "Recebimento_NFS", "Recebimento_NFS\Recebimento_NFS.csproj", "{DCC538A8-C046-4937-8B64-D3FC72DABCA1}"
EndProject
Global
	GlobalSection(SolutionConfigurationPlatforms) = preSolution
		Debug|Any CPU = Debug|Any CPU
		Release|Any CPU = Release|Any CPU
	EndGlobalSection
	GlobalSection(ProjectConfigurationPlatforms) = postSolution
		{DCC538A8-C046-4937-8B64-D3FC72DABCA1}.Debug|Any CPU.ActiveCfg = Debug|Any CPU
		{DCC538A8-C046-4937-8B64-D3FC72DABCA1}.Debug|Any CPU.Build.0 = Debug|Any CPU
		{DCC538A8-C046-4937-8B64-D3FC72DABCA1}.Release|Any CPU.ActiveCfg = Release|Any CPU
		{DCC538A8-C046-4937-8B64-D3FC72DABCA1}.Release|Any CPU.Build.0 = Release|Any CPU
	EndGlobalSection
	GlobalSection(SolutionProperties) = preSolution
		HideSolutionNode = FALSE
	EndGlobalSection
	GlobalSection(ExtensibilityGlobals) = postSolution
		SolutionGuid = {64D38E70-BD51-4697-9D4A-0BAEE0A8701D}
	EndGlobalSection
EndGlobal
